
Microsoft Visual Studio Solution File, Format Version 12.00
# Visual Studio Version 17
VisualStudioVersion = 17.1.32328.378
MinimumVisualStudioVersion = 10.0.40219.1
Project("{FAE04EC0-301F-11D3-BF4B-00C04F79EFBC}") = "DungeonGenerator", "DungeonGenerator.csproj", "{301F063F-319B-4EAD-8112-E13AE2DD1299}"
EndProject
Global
	GlobalSection(SolutionConfigurationPlatforms) = preSolution
		Debug|Any CPU = Debug|Any CPU
		Release|Any CPU = Release|Any CPU
	EndGlobalSection
	GlobalSection(ProjectConfigurationPlatforms) = postSolution
		{301F063F-319B-4EAD-8112-E13AE2DD1299}.Debug|Any CPU.ActiveCfg = Debug|Any CPU
		{301F063F-319B-4EAD-8112-E13AE2DD1299}.Debug|Any CPU.Build.0 = Debug|Any CPU
		{301F063F-319B-4EAD-8112-E13AE2DD1299}.Release|Any CPU.ActiveCfg = Release|Any CPU
		{301F063F-319B-4EAD-8112-E13AE2DD1299}.Release|Any CPU.Build.0 = Release|Any CPU
	EndGlobalSection
	GlobalSection(SolutionProperties) = preSolution
		HideSolutionNode = FALSE
	EndGlobalSection
	GlobalSection(ExtensibilityGlobals) = postSolution
		SolutionGuid = {1B1687F4-2330-4090-BC4C-FDE0CC2EB27E}
	EndGlobalSection
EndGlobal
